
Microsoft Visual Studio Solution File, Format Version 12.00
# Visual Studio 15
VisualStudioVersion = 15.0.28010.2048
MinimumVisualStudioVersion = 10.0.40219.1
Project("{FAE04EC0-301F-11D3-BF4B-00C04F79EFBC}") = "SrtStudio", "SrtStudio\SrtStudio.csproj", "{04FB324F-7AEA-4E0E-BFE3-DF035616962E}"
EndProject
Project("{FAE04EC0-301F-11D3-BF4B-00C04F79EFBC}") = "Xceed.Wpf.AvalonDock.Themes.VS2013", "Xceed.Wpf.AvalonDock.Themes.VS2013\Xceed.Wpf.AvalonDock.Themes.VS2013.csproj", "{89286EB4-B4A1-418C-839A-067B00F442D8}"
EndProject
Project("{FAE04EC0-301F-11D3-BF4B-00C04F79EFBC}") = "Xceed.Wpf.AvalonDock", "Xceed.Wpf.AvalonDock\Xceed.Wpf.AvalonDock.csproj", "{DB81988F-E0F2-45A0-A1FD-8C37F3D35244}"
EndProject
Project("{FAE04EC0-301F-11D3-BF4B-00C04F79EFBC}") = "Xceed.Wpf.AvalonDock.Themes.Aero", "Xceed.Wpf.AvalonDock.Themes.Aero\Xceed.Wpf.AvalonDock.Themes.Aero.csproj", "{BA72CCE0-A9FB-4995-B496-7FEC5C87B85B}"
EndProject
Project("{FAE04EC0-301F-11D3-BF4B-00C04F79EFBC}") = "Xceed.Wpf.AvalonDock.Themes.Metro", "Xceed.Wpf.AvalonDock.Themes.Metro\Xceed.Wpf.AvalonDock.Themes.Metro.csproj", "{CCFC786A-F583-492E-8917-0A96EA42AD4D}"
EndProject
Project("{FAE04EC0-301F-11D3-BF4B-00C04F79EFBC}") = "Xceed.Wpf.AvalonDock.Themes.VS2010", "Xceed.Wpf.AvalonDock.Themes.VS2010\Xceed.Wpf.AvalonDock.Themes.VS2010.csproj", "{B3FC3E21-5F2D-4581-AEA2-59F671CFFC21}"
EndProject
Project("{FAE04EC0-301F-11D3-BF4B-00C04F79EFBC}") = "Xceed.Wpf.DataGrid", "Xceed.Wpf.DataGrid\Xceed.Wpf.DataGrid.csproj", "{63648392-6CE9-4A60-96D4-F9FD718D29B0}"
EndProject
Project("{FAE04EC0-301F-11D3-BF4B-00C04F79EFBC}") = "Xceed.Wpf.Toolkit", "Xceed.Wpf.Toolkit\Xceed.Wpf.Toolkit.csproj", "{72E591D6-8F83-4D8C-8F67-9C325E623234}"
EndProject
Global
	GlobalSection(SolutionConfigurationPlatforms) = preSolution
		Debug|Any CPU = Debug|Any CPU
		Debug|x86 = Debug|x86
		Debug+Log|Any CPU = Debug+Log|Any CPU
		Debug+Log|x86 = Debug+Log|x86
		Release|Any CPU = Release|Any CPU
		Release|x86 = Release|x86
		Release+Log|Any CPU = Release+Log|Any CPU
		Release+Log|x86 = Release+Log|x86
	EndGlobalSection
	GlobalSection(ProjectConfigurationPlatforms) = postSolution
		{04FB324F-7AEA-4E0E-BFE3-DF035616962E}.Debug|Any CPU.ActiveCfg = Debug|Any CPU
		{04FB324F-7AEA-4E0E-BFE3-DF035616962E}.Debug|Any CPU.Build.0 = Debug|Any CPU
		{04FB324F-7AEA-4E0E-BFE3-DF035616962E}.Debug|x86.ActiveCfg = Debug|Any CPU
		{04FB324F-7AEA-4E0E-BFE3-DF035616962E}.Debug|x86.Build.0 = Debug|Any CPU
		{04FB324F-7AEA-4E0E-BFE3-DF035616962E}.Debug+Log|Any CPU.ActiveCfg = Debug|Any CPU
		{04FB324F-7AEA-4E0E-BFE3-DF035616962E}.Debug+Log|Any CPU.Build.0 = Debug|Any CPU
		{04FB324F-7AEA-4E0E-BFE3-DF035616962E}.Debug+Log|x86.ActiveCfg = Debug|Any CPU
		{04FB324F-7AEA-4E0E-BFE3-DF035616962E}.Debug+Log|x86.Build.0 = Debug|Any CPU
		{04FB324F-7AEA-4E0E-BFE3-DF035616962E}.Release|Any CPU.ActiveCfg = Release|Any CPU
		{04FB324F-7AEA-4E0E-BFE3-DF035616962E}.Release|Any CPU.Build.0 = Release|Any CPU
		{04FB324F-7AEA-4E0E-BFE3-DF035616962E}.Release|x86.ActiveCfg = Release|Any CPU
		{04FB324F-7AEA-4E0E-BFE3-DF035616962E}.Release|x86.Build.0 = Release|Any CPU
		{04FB324F-7AEA-4E0E-BFE3-DF035616962E}.Release+Log|Any CPU.ActiveCfg = Release|Any CPU
		{04FB324F-7AEA-4E0E-BFE3-DF035616962E}.Release+Log|Any CPU.Build.0 = Release|Any CPU
		{04FB324F-7AEA-4E0E-BFE3-DF035616962E}.Release+Log|x86.ActiveCfg = Release|Any CPU
		{04FB324F-7AEA-4E0E-BFE3-DF035616962E}.Release+Log|x86.Build.0 = Release|Any CPU
		{89286EB4-B4A1-418C-839A-067B00F442D8}.Debug|Any CPU.ActiveCfg = Debug|Any CPU
		{89286EB4-B4A1-418C-839A-067B00F442D8}.Debug|Any CPU.Build.0 = Debug|Any CPU
		{89286EB4-B4A1-418C-839A-067B00F442D8}.Debug|x86.ActiveCfg = Debug|Any CPU
		{89286EB4-B4A1-418C-839A-067B00F442D8}.Debug|x86.Build.0 = Debug|Any CPU
		{89286EB4-B4A1-418C-839A-067B00F442D8}.Debug+Log|Any CPU.ActiveCfg = Debug|Any CPU
		{89286EB4-B4A1-418C-839A-067B00F442D8}.Debug+Log|Any CPU.Build.0 = Debug|Any CPU
		{89286EB4-B4A1-418C-839A-067B00F442D8}.Debug+Log|x86.ActiveCfg = Debug|Any CPU
		{89286EB4-B4A1-418C-839A-067B00F442D8}.Debug+Log|x86.Build.0 = Debug|Any CPU
		{89286EB4-B4A1-418C-839A-067B00F442D8}.Release|Any CPU.ActiveCfg = Release|Any CPU
		{89286EB4-B4A1-418C-839A-067B00F442D8}.Release|Any CPU.Build.0 = Release|Any CPU
		{89286EB4-B4A1-418C-839A-067B00F442D8}.Release|x86.ActiveCfg = Release|Any CPU
		{89286EB4-B4A1-418C-839A-067B00F442D8}.Release|x86.Build.0 = Release|Any CPU
		{89286EB4-B4A1-418C-839A-067B00F442D8}.Release+Log|Any CPU.ActiveCfg = Release|Any CPU
		{89286EB4-B4A1-418C-839A-067B00F442D8}.Release+Log|Any CPU.Build.0 = Release|Any CPU
		{89286EB4-B4A1-418C-839A-067B00F442D8}.Release+Log|x86.ActiveCfg = Release|Any CPU
		{89286EB4-B4A1-418C-839A-067B00F442D8}.Release+Log|x86.Build.0 = Release|Any CPU
		{DB81988F-E0F2-45A0-A1FD-8C37F3D35244}.Debug|Any CPU.ActiveCfg = Debug|Any CPU
		{DB81988F-E0F2-45A0-A1FD-8C37F3D35244}.Debug|Any CPU.Build.0 = Debug|Any CPU
		{DB81988F-E0F2-45A0-A1FD-8C37F3D35244}.Debug|x86.ActiveCfg = Debug|Any CPU
		{DB81988F-E0F2-45A0-A1FD-8C37F3D35244}.Debug|x86.Build.0 = Debug|Any CPU
		{DB81988F-E0F2-45A0-A1FD-8C37F3D35244}.Debug+Log|Any CPU.ActiveCfg = Debug|Any CPU
		{DB81988F-E0F2-45A0-A1FD-8C37F3D35244}.Debug+Log|Any CPU.Build.0 = Debug|Any CPU
		{DB81988F-E0F2-45A0-A1FD-8C37F3D35244}.Debug+Log|x86.ActiveCfg = Debug|Any CPU
		{DB81988F-E0F2-45A0-A1FD-8C37F3D35244}.Debug+Log|x86.Build.0 = Debug|Any CPU
		{DB81988F-E0F2-45A0-A1FD-8C37F3D35244}.Release|Any CPU.ActiveCfg = Release|Any CPU
		{DB81988F-E0F2-45A0-A1FD-8C37F3D35244}.Release|Any CPU.Build.0 = Release|Any CPU
		{DB81988F-E0F2-45A0-A1FD-8C37F3D35244}.Release|x86.ActiveCfg = Release|Any CPU
		{DB81988F-E0F2-45A0-A1FD-8C37F3D35244}.Release|x86.Build.0 = Release|Any CPU
		{DB81988F-E0F2-45A0-A1FD-8C37F3D35244}.Release+Log|Any CPU.ActiveCfg = Release|Any CPU
		{DB81988F-E0F2-45A0-A1FD-8C37F3D35244}.Release+Log|Any CPU.Build.0 = Release|Any CPU
		{DB81988F-E0F2-45A0-A1FD-8C37F3D35244}.Release+Log|x86.ActiveCfg = Release|Any CPU
		{DB81988F-E0F2-45A0-A1FD-8C37F3D35244}.Release+Log|x86.Build.0 = Release|Any CPU
		{BA72CCE0-A9FB-4995-B496-7FEC5C87B85B}.Debug|Any CPU.ActiveCfg = Debug|Any CPU
		{BA72CCE0-A9FB-4995-B496-7FEC5C87B85B}.Debug|Any CPU.Build.0 = Debug|Any CPU
		{BA72CCE0-A9FB-4995-B496-7FEC5C87B85B}.Debug|x86.ActiveCfg = Debug|Any CPU
		{BA72CCE0-A9FB-4995-B496-7FEC5C87B85B}.Debug|x86.Build.0 = Debug|Any CPU
		{BA72CCE0-A9FB-4995-B496-7FEC5C87B85B}.Debug+Log|Any CPU.ActiveCfg = Debug|Any CPU
		{BA72CCE0-A9FB-4995-B496-7FEC5C87B85B}.Debug+Log|Any CPU.Build.0 = Debug|Any CPU
		{BA72CCE0-A9FB-4995-B496-7FEC5C87B85B}.Debug+Log|x86.ActiveCfg = Debug|Any CPU
		{BA72CCE0-A9FB-4995-B496-7FEC5C87B85B}.Debug+Log|x86.Build.0 = Debug|Any CPU
		{BA72CCE0-A9FB-4995-B496-7FEC5C87B85B}.Release|Any CPU.ActiveCfg = Release|Any CPU
		{BA72CCE0-A9FB-4995-B496-7FEC5C87B85B}.Release|Any CPU.Build.0 = Release|Any CPU
		{BA72CCE0-A9FB-4995-B496-7FEC5C87B85B}.Release|x86.ActiveCfg = Release|Any CPU
		{BA72CCE0-A9FB-4995-B496-7FEC5C87B85B}.Release|x86.Build.0 = Release|Any CPU
		{BA72CCE0-A9FB-4995-B496-7FEC5C87B85B}.Release+Log|Any CPU.ActiveCfg = Release|Any CPU
		{BA72CCE0-A9FB-4995-B496-7FEC5C87B85B}.Release+Log|Any CPU.Build.0 = Release|Any CPU
		{BA72CCE0-A9FB-4995-B496-7FEC5C87B85B}.Release+Log|x86.ActiveCfg = Release|Any CPU
		{BA72CCE0-A9FB-4995-B496-7FEC5C87B85B}.Release+Log|x86.Build.0 = Release|Any CPU
		{CCFC786A-F583-492E-8917-0A96EA42AD4D}.Debug|Any CPU.ActiveCfg = Debug|Any CPU
		{CCFC786A-F583-492E-8917-0A96EA42AD4D}.Debug|Any CPU.Build.0 = Debug|Any CPU
		{CCFC786A-F583-492E-8917-0A96EA42AD4D}.Debug|x86.ActiveCfg = Debug|Any CPU
		{CCFC786A-F583-492E-8917-0A96EA42AD4D}.Debug|x86.Build.0 = Debug|Any CPU
		{CCFC786A-F583-492E-8917-0A96EA42AD4D}.Debug+Log|Any CPU.ActiveCfg = Debug|Any CPU
		{CCFC786A-F583-492E-8917-0A96EA42AD4D}.Debug+Log|Any CPU.Build.0 = Debug|Any CPU
		{CCFC786A-F583-492E-8917-0A96EA42AD4D}.Debug+Log|x86.ActiveCfg = Debug|Any CPU
		{CCFC786A-F583-492E-8917-0A96EA42AD4D}.Debug+Log|x86.Build.0 = Debug|Any CPU
		{CCFC786A-F583-492E-8917-0A96EA42AD4D}.Release|Any CPU.ActiveCfg = Release|Any CPU
		{CCFC786A-F583-492E-8917-0A96EA42AD4D}.Release|Any CPU.Build.0 = Release|Any CPU
		{CCFC786A-F583-492E-8917-0A96EA42AD4D}.Release|x86.ActiveCfg = Release|Any CPU
		{CCFC786A-F583-492E-8917-0A96EA42AD4D}.Release|x86.Build.0 = Release|Any CPU
		{CCFC786A-F583-492E-8917-0A96EA42AD4D}.Release+Log|Any CPU.ActiveCfg = Release|Any CPU
		{CCFC786A-F583-492E-8917-0A96EA42AD4D}.Release+Log|Any CPU.Build.0 = Release|Any CPU
		{CCFC786A-F583-492E-8917-0A96EA42AD4D}.Release+Log|x86.ActiveCfg = Release|Any CPU
		{CCFC786A-F583-492E-8917-0A96EA42AD4D}.Release+Log|x86.Build.0 = Release|Any CPU
		{B3FC3E21-5F2D-4581-AEA2-59F671CFFC21}.Debug|Any CPU.ActiveCfg = Debug|Any CPU
		{B3FC3E21-5F2D-4581-AEA2-59F671CFFC21}.Debug|Any CPU.Build.0 = Debug|Any CPU
		{B3FC3E21-5F2D-4581-AEA2-59F671CFFC21}.Debug|x86.ActiveCfg = Debug|Any CPU
		{B3FC3E21-5F2D-4581-AEA2-59F671CFFC21}.Debug|x86.Build.0 = Debug|Any CPU
		{B3FC3E21-5F2D-4581-AEA2-59F671CFFC21}.Debug+Log|Any CPU.ActiveCfg = Debug|Any CPU
		{B3FC3E21-5F2D-4581-AEA2-59F671CFFC21}.Debug+Log|Any CPU.Build.0 = Debug|Any CPU
		{B3FC3E21-5F2D-4581-AEA2-59F671CFFC21}.Debug+Log|x86.ActiveCfg = Debug|Any CPU
		{B3FC3E21-5F2D-4581-AEA2-59F671CFFC21}.Debug+Log|x86.Build.0 = Debug|Any CPU
		{B3FC3E21-5F2D-4581-AEA2-59F671CFFC21}.Release|Any CPU.ActiveCfg = Release|Any CPU
		{B3FC3E21-5F2D-4581-AEA2-59F671CFFC21}.Release|Any CPU.Build.0 = Release|Any CPU
		{B3FC3E21-5F2D-4581-AEA2-59F671CFFC21}.Release|x86.ActiveCfg = Release|Any CPU
		{B3FC3E21-5F2D-4581-AEA2-59F671CFFC21}.Release|x86.Build.0 = Release|Any CPU
		{B3FC3E21-5F2D-4581-AEA2-59F671CFFC21}.Release+Log|Any CPU.ActiveCfg = Release|Any CPU
		{B3FC3E21-5F2D-4581-AEA2-59F671CFFC21}.Release+Log|Any CPU.Build.0 = Release|Any CPU
		{B3FC3E21-5F2D-4581-AEA2-59F671CFFC21}.Release+Log|x86.ActiveCfg = Release|Any CPU
		{B3FC3E21-5F2D-4581-AEA2-59F671CFFC21}.Release+Log|x86.Build.0 = Release|Any CPU
		{63648392-6CE9-4A60-96D4-F9FD718D29B0}.Debug|Any CPU.ActiveCfg = Debug|Any CPU
		{63648392-6CE9-4A60-96D4-F9FD718D29B0}.Debug|Any CPU.Build.0 = Debug|Any CPU
		{63648392-6CE9-4A60-96D4-F9FD718D29B0}.Debug|x86.ActiveCfg = Debug|Any CPU
		{63648392-6CE9-4A60-96D4-F9FD718D29B0}.Debug|x86.Build.0 = Debug|Any CPU
		{63648392-6CE9-4A60-96D4-F9FD718D29B0}.Debug+Log|Any CPU.ActiveCfg = Debug+Log|Any CPU
		{63648392-6CE9-4A60-96D4-F9FD718D29B0}.Debug+Log|Any CPU.Build.0 = Debug+Log|Any CPU
		{63648392-6CE9-4A60-96D4-F9FD718D29B0}.Debug+Log|x86.ActiveCfg = Debug+Log|Any CPU
		{63648392-6CE9-4A60-96D4-F9FD718D29B0}.Debug+Log|x86.Build.0 = Debug+Log|Any CPU
		{63648392-6CE9-4A60-96D4-F9FD718D29B0}.Release|Any CPU.ActiveCfg = Release|Any CPU
		{63648392-6CE9-4A60-96D4-F9FD718D29B0}.Release|Any CPU.Build.0 = Release|Any CPU
		{63648392-6CE9-4A60-96D4-F9FD718D29B0}.Release|x86.ActiveCfg = Release|Any CPU
		{63648392-6CE9-4A60-96D4-F9FD718D29B0}.Release|x86.Build.0 = Release|Any CPU
		{63648392-6CE9-4A60-96D4-F9FD718D29B0}.Release+Log|Any CPU.ActiveCfg = Release+Log|Any CPU
		{63648392-6CE9-4A60-96D4-F9FD718D29B0}.Release+Log|Any CPU.Build.0 = Release+Log|Any CPU
		{63648392-6CE9-4A60-96D4-F9FD718D29B0}.Release+Log|x86.ActiveCfg = Release+Log|Any CPU
		{63648392-6CE9-4A60-96D4-F9FD718D29B0}.Release+Log|x86.Build.0 = Release+Log|Any CPU
		{72E591D6-8F83-4D8C-8F67-9C325E623234}.Debug|Any CPU.ActiveCfg = Debug|Any CPU
		{72E591D6-8F83-4D8C-8F67-9C325E623234}.Debug|Any CPU.Build.0 = Debug|Any CPU
		{72E591D6-8F83-4D8C-8F67-9C325E623234}.Debug|x86.ActiveCfg = Debug|Any CPU
		{72E591D6-8F83-4D8C-8F67-9C325E623234}.Debug|x86.Build.0 = Debug|Any CPU
		{72E591D6-8F83-4D8C-8F67-9C325E623234}.Debug+Log|Any CPU.ActiveCfg = Debug|Any CPU
		{72E591D6-8F83-4D8C-8F67-9C325E623234}.Debug+Log|Any CPU.Build.0 = Debug|Any CPU
		{72E591D6-8F83-4D8C-8F67-9C325E623234}.Debug+Log|x86.ActiveCfg = Debug|Any CPU
		{72E591D6-8F83-4D8C-8F67-9C325E623234}.Debug+Log|x86.Build.0 = Debug|Any CPU
		{72E591D6-8F83-4D8C-8F67-9C325E623234}.Release|Any CPU.ActiveCfg = Release|Any CPU
		{72E591D6-8F83-4D8C-8F67-9C325E623234}.Release|Any CPU.Build.0 = Release|Any CPU
		{72E591D6-8F83-4D8C-8F67-9C325E623234}.Release|x86.ActiveCfg = Release|Any CPU
		{72E591D6-8F83-4D8C-8F67-9C325E623234}.Release|x86.Build.0 = Release|Any CPU
		{72E591D6-8F83-4D8C-8F67-9C325E623234}.Release+Log|Any CPU.ActiveCfg = Release|Any CPU
		{72E591D6-8F83-4D8C-8F67-9C325E623234}.Release+Log|Any CPU.Build.0 = Release|Any CPU
		{72E591D6-8F83-4D8C-8F67-9C325E623234}.Release+Log|x86.ActiveCfg = Release|Any CPU
		{72E591D6-8F83-4D8C-8F67-9C325E623234}.Release+Log|x86.Build.0 = Release|Any CPU
	EndGlobalSection
	GlobalSection(SolutionProperties) = preSolution
		HideSolutionNode = FALSE
	EndGlobalSection
	GlobalSection(ExtensibilityGlobals) = postSolution
		SolutionGuid = {442512C6-247A-4DB6-9033-465A2D0A0A6C}
	EndGlobalSection
EndGlobal
